
Microsoft Visual Studio Solution File, Format Version 12.00
# Visual Studio 2013
VisualStudioVersion = 12.0.31101.0
MinimumVisualStudioVersion = 10.0.40219.1
Project("{2150E333-8FDC-42A3-9474-1A3956D46DE8}") = "src", "src", "{F51E8CC5-5BFF-41EB-8518-30A366AD4C48}"
EndProject
Project("{2150E333-8FDC-42A3-9474-1A3956D46DE8}") = "site", "site", "{3CE4B482-2A76-4F49-BF81-3A1D8447D29E}"
	ProjectSection(SolutionItems) = preProject
		site\d3.v2.js = site\d3.v2.js
		site\d3.v2.min.js = site\d3.v2.min.js
		site\game.css = site\game.css
		site\game.html = site\game.html
		site\index.html = site\index.html
		site\test.html = site\test.html
	EndProjectSection
EndProject
Project("{2150E333-8FDC-42A3-9474-1A3956D46DE8}") = "Solution Items", "Solution Items", "{EC049922-F863-4C4B-AC70-DC458F855C26}"
	ProjectSection(SolutionItems) = preProject
		tools\ant.properties = tools\ant.properties
		build.xml = build.xml
		tools\common-build.xml = tools\common-build.xml
		build\crx-concat.js = build\crx-concat.js
		build\crx-preprocess.js = build\crx-preprocess.js
		tools\unix.ant.properties = tools\unix.ant.properties
		tools\windows.ant.properties = tools\windows.ant.properties
	EndProjectSection
EndProject
Project("{2150E333-8FDC-42A3-9474-1A3956D46DE8}") = "main", "main", "{5B2C80E7-69F3-4F8D-B204-F9AD0585C102}"
EndProject
Project("{2150E333-8FDC-42A3-9474-1A3956D46DE8}") = "test", "test", "{4E6EA046-BE51-4E84-A4CC-4C0487C8B106}"
EndProject
Project("{2150E333-8FDC-42A3-9474-1A3956D46DE8}") = "javascript", "javascript", "{8E7E911D-22C1-4BAF-B7F3-C475537F7B03}"
	ProjectSection(SolutionItems) = preProject
		src\main\javascript\constants.js = src\main\javascript\constants.js
		src\main\javascript\container.js = src\main\javascript\container.js
		src\main\javascript\game.js = src\main\javascript\game.js
		src\main\javascript\gamekeys.js = src\main\javascript\gamekeys.js
		src\main\javascript\macros.js = src\main\javascript\macros.js
		src\main\javascript\manager.js = src\main\javascript\manager.js
		src\main\javascript\math.js = src\main\javascript\math.js
		src\main\javascript\particle.js = src\main\javascript\particle.js
		src\main\javascript\shell.js = src\main\javascript\shell.js
		src\main\javascript\ship.js = src\main\javascript\ship.js
		src\main\javascript\thing.js = src\main\javascript\thing.js
		src\main\javascript\vector2d.js = src\main\javascript\vector2d.js
	EndProjectSection
EndProject
Project("{2150E333-8FDC-42A3-9474-1A3956D46DE8}") = "javascript", "javascript", "{B2AE94AB-2BA0-447E-82C6-6965AAAB11BA}"
	ProjectSection(SolutionItems) = preProject
		src\test\javascript\goto.js = src\test\javascript\goto.js
		src\test\javascript\gotoward.js = src\test\javascript\gotoward.js
		src\test\javascript\keycontrols.js = src\test\javascript\keycontrols.js
		src\test\javascript\moreconstraints.js = src\test\javascript\moreconstraints.js
		src\test\javascript\pointat.js = src\test\javascript\pointat.js
		src\test\javascript\simpleconstraints.js = src\test\javascript\simpleconstraints.js
		src\test\javascript\test.js = src\test\javascript\test.js
		src\test\javascript\viewport.js = src\test\javascript\viewport.js
	EndProjectSection
EndProject
Global
	GlobalSection(SolutionProperties) = preSolution
		HideSolutionNode = FALSE
	EndGlobalSection
	GlobalSection(NestedProjects) = preSolution
		{5B2C80E7-69F3-4F8D-B204-F9AD0585C102} = {F51E8CC5-5BFF-41EB-8518-30A366AD4C48}
		{4E6EA046-BE51-4E84-A4CC-4C0487C8B106} = {F51E8CC5-5BFF-41EB-8518-30A366AD4C48}
		{8E7E911D-22C1-4BAF-B7F3-C475537F7B03} = {5B2C80E7-69F3-4F8D-B204-F9AD0585C102}
		{B2AE94AB-2BA0-447E-82C6-6965AAAB11BA} = {4E6EA046-BE51-4E84-A4CC-4C0487C8B106}
	EndGlobalSection
EndGlobal
